// !$*UTF8*$!
{
	archiveVersion = 1;
	classes = {
	};
	objectVersion = 56;
	objects = {

/* Begin PBXBuildFile section */
		9C04A2852BA94E010070433E /* PageViewController.swift in Sources */ = {isa = PBXBuildFile; fileRef = 9C04A2842BA94E010070433E /* PageViewController.swift */; };
		9C04A2872BA953290070433E /* FeatureCard.swift in Sources */ = {isa = PBXBuildFile; fileRef = 9C04A2862BA953290070433E /* FeatureCard.swift */; };
		9C04A2892BA957D80070433E /* PageView.swift in Sources */ = {isa = PBXBuildFile; fileRef = 9C04A2882BA957D80070433E /* PageView.swift */; };
		9C04A28B2BA960170070433E /* PageControl.swift in Sources */ = {isa = PBXBuildFile; fileRef = 9C04A28A2BA960170070433E /* PageControl.swift */; };
		9C91B9132BA00BFF000B2F5C /* LandmarksApp.swift in Sources */ = {isa = PBXBuildFile; fileRef = 9C91B9122BA00BFF000B2F5C /* LandmarksApp.swift */; };
		9C91B9152BA00BFF000B2F5C /* ContentView.swift in Sources */ = {isa = PBXBuildFile; fileRef = 9C91B9142BA00BFF000B2F5C /* ContentView.swift */; };
		9C91B9172BA00C02000B2F5C /* Assets.xcassets in Resources */ = {isa = PBXBuildFile; fileRef = 9C91B9162BA00C02000B2F5C /* Assets.xcassets */; };
		9C91B91A2BA00C02000B2F5C /* Preview Assets.xcassets in Resources */ = {isa = PBXBuildFile; fileRef = 9C91B9192BA00C02000B2F5C /* Preview Assets.xcassets */; };
		9C91B9242BA00C02000B2F5C /* LandmarksTests.swift in Sources */ = {isa = PBXBuildFile; fileRef = 9C91B9232BA00C02000B2F5C /* LandmarksTests.swift */; };
		9C91B92E2BA00C02000B2F5C /* LandmarksUITests.swift in Sources */ = {isa = PBXBuildFile; fileRef = 9C91B92D2BA00C02000B2F5C /* LandmarksUITests.swift */; };
		9C91B9302BA00C02000B2F5C /* LandmarksUITestsLaunchTests.swift in Sources */ = {isa = PBXBuildFile; fileRef = 9C91B92F2BA00C02000B2F5C /* LandmarksUITestsLaunchTests.swift */; };
		9C91B93D2BA010E8000B2F5C /* CircleImage.swift in Sources */ = {isa = PBXBuildFile; fileRef = 9C91B93C2BA010E8000B2F5C /* CircleImage.swift */; };
		9C91B93F2BA0156F000B2F5C /* MapView.swift in Sources */ = {isa = PBXBuildFile; fileRef = 9C91B93E2BA0156F000B2F5C /* MapView.swift */; };
		9C91B94A2BA01A45000B2F5C /* Landmark.swift in Sources */ = {isa = PBXBuildFile; fileRef = 9C91B9492BA01A45000B2F5C /* Landmark.swift */; };
		9C91B94C2BA01D02000B2F5C /* ModelData.swift in Sources */ = {isa = PBXBuildFile; fileRef = 9C91B94B2BA01D02000B2F5C /* ModelData.swift */; };
		9C91B9502BA01F01000B2F5C /* LandmarkRow.swift in Sources */ = {isa = PBXBuildFile; fileRef = 9C91B94F2BA01F01000B2F5C /* LandmarkRow.swift */; };
		9C91B9522BA0222F000B2F5C /* landmarkData.json in Resources */ = {isa = PBXBuildFile; fileRef = 9C91B9512BA0222F000B2F5C /* landmarkData.json */; };
		9C91B9542BA02378000B2F5C /* LandmarkList.swift in Sources */ = {isa = PBXBuildFile; fileRef = 9C91B9532BA02378000B2F5C /* LandmarkList.swift */; };
		9C91B9562BA0253B000B2F5C /* LandmarkDetail.swift in Sources */ = {isa = PBXBuildFile; fileRef = 9C91B9552BA0253B000B2F5C /* LandmarkDetail.swift */; };
		9C9C70702BA1B6C300F88975 /* FavoriteButton.swift in Sources */ = {isa = PBXBuildFile; fileRef = 9C9C706F2BA1B6C300F88975 /* FavoriteButton.swift */; };
		9CD8611D2BA7FAE500F5C9D8 /* Profile.swift in Sources */ = {isa = PBXBuildFile; fileRef = 9CD8611C2BA7FAE400F5C9D8 /* Profile.swift */; };
		9CD861202BA7FC1A00F5C9D8 /* ProfileHost.swift in Sources */ = {isa = PBXBuildFile; fileRef = 9CD8611F2BA7FC1A00F5C9D8 /* ProfileHost.swift */; };
		9CD861222BA7FC7500F5C9D8 /* ProfileSummary.swift in Sources */ = {isa = PBXBuildFile; fileRef = 9CD861212BA7FC7500F5C9D8 /* ProfileSummary.swift */; };
		9CD861242BA7FDC400F5C9D8 /* HikeBadge.swift in Sources */ = {isa = PBXBuildFile; fileRef = 9CD861232BA7FDC400F5C9D8 /* HikeBadge.swift */; };
		9CD861262BA804C800F5C9D8 /* ProfileEditor.swift in Sources */ = {isa = PBXBuildFile; fileRef = 9CD861252BA804C800F5C9D8 /* ProfileEditor.swift */; };
		9CD9EB0C2BA2B58500EBE0DC /* HexagonParameters.swift in Sources */ = {isa = PBXBuildFile; fileRef = 9CD9EB0B2BA2B58500EBE0DC /* HexagonParameters.swift */; };
		9CD9EB0E2BA2B6F200EBE0DC /* BadgeBackground.swift in Sources */ = {isa = PBXBuildFile; fileRef = 9CD9EB0D2BA2B6F200EBE0DC /* BadgeBackground.swift */; };
		9CD9EB102BA2BF4100EBE0DC /* BadgeSymbol.swift in Sources */ = {isa = PBXBuildFile; fileRef = 9CD9EB0F2BA2BF4100EBE0DC /* BadgeSymbol.swift */; };
		9CD9EB122BA2C24300EBE0DC /* RotatedBadgeSymbol.swift in Sources */ = {isa = PBXBuildFile; fileRef = 9CD9EB112BA2C24300EBE0DC /* RotatedBadgeSymbol.swift */; };
		9CD9EB142BA2C28900EBE0DC /* Badge.swift in Sources */ = {isa = PBXBuildFile; fileRef = 9CD9EB132BA2C28900EBE0DC /* Badge.swift */; };
		9CD9EB172BA2C86600EBE0DC /* hikeData.json in Resources */ = {isa = PBXBuildFile; fileRef = 9CD9EB162BA2C86600EBE0DC /* hikeData.json */; };
		9CD9EB192BA2C89F00EBE0DC /* Hike.swift in Sources */ = {isa = PBXBuildFile; fileRef = 9CD9EB182BA2C89F00EBE0DC /* Hike.swift */; };
		9CD9EB1F2BA2C90C00EBE0DC /* GraphCapsule.swift in Sources */ = {isa = PBXBuildFile; fileRef = 9CD9EB1B2BA2C90C00EBE0DC /* GraphCapsule.swift */; };
		9CD9EB202BA2C90C00EBE0DC /* HikeGraph.swift in Sources */ = {isa = PBXBuildFile; fileRef = 9CD9EB1C2BA2C90C00EBE0DC /* HikeGraph.swift */; };
		9CD9EB212BA2C90C00EBE0DC /* HikeDetail.swift in Sources */ = {isa = PBXBuildFile; fileRef = 9CD9EB1D2BA2C90C00EBE0DC /* HikeDetail.swift */; };
		9CD9EB222BA2C90C00EBE0DC /* HikeView.swift in Sources */ = {isa = PBXBuildFile; fileRef = 9CD9EB1E2BA2C90C00EBE0DC /* HikeView.swift */; };
		9CE6F98E2BA44B8E0022E618 /* CategoryHome.swift in Sources */ = {isa = PBXBuildFile; fileRef = 9CE6F98D2BA44B8E0022E618 /* CategoryHome.swift */; };
		9CE6F9902BA44DC90022E618 /* CategoryRow.swift in Sources */ = {isa = PBXBuildFile; fileRef = 9CE6F98F2BA44DC90022E618 /* CategoryRow.swift */; };
		9CE6F9922BA44FA00022E618 /* CategoryItem.swift in Sources */ = {isa = PBXBuildFile; fileRef = 9CE6F9912BA44FA00022E618 /* CategoryItem.swift */; };
/* End PBXBuildFile section */

/* Begin PBXContainerItemProxy section */
		9C91B9202BA00C02000B2F5C /* PBXContainerItemProxy */ = {
			isa = PBXContainerItemProxy;
			containerPortal = 9C91B9072BA00BFF000B2F5C /* Project object */;
			proxyType = 1;
			remoteGlobalIDString = 9C91B90E2BA00BFF000B2F5C;
			remoteInfo = Landmarks;
		};
		9C91B92A2BA00C02000B2F5C /* PBXContainerItemProxy */ = {
			isa = PBXContainerItemProxy;
			containerPortal = 9C91B9072BA00BFF000B2F5C /* Project object */;
			proxyType = 1;
			remoteGlobalIDString = 9C91B90E2BA00BFF000B2F5C;
			remoteInfo = Landmarks;
		};
/* End PBXContainerItemProxy section */

/* Begin PBXFileReference section */
		9C04A2842BA94E010070433E /* PageViewController.swift */ = {isa = PBXFileReference; lastKnownFileType = sourcecode.swift; path = PageViewController.swift; sourceTree = "<group>"; };
		9C04A2862BA953290070433E /* FeatureCard.swift */ = {isa = PBXFileReference; lastKnownFileType = sourcecode.swift; path = FeatureCard.swift; sourceTree = "<group>"; };
		9C04A2882BA957D80070433E /* PageView.swift */ = {isa = PBXFileReference; lastKnownFileType = sourcecode.swift; path = PageView.swift; sourceTree = "<group>"; };
		9C04A28A2BA960170070433E /* PageControl.swift */ = {isa = PBXFileReference; lastKnownFileType = sourcecode.swift; path = PageControl.swift; sourceTree = "<group>"; };
		9C91B90F2BA00BFF000B2F5C /* Landmarks.app */ = {isa = PBXFileReference; explicitFileType = wrapper.application; includeInIndex = 0; path = Landmarks.app; sourceTree = BUILT_PRODUCTS_DIR; };
		9C91B9122BA00BFF000B2F5C /* LandmarksApp.swift */ = {isa = PBXFileReference; lastKnownFileType = sourcecode.swift; path = LandmarksApp.swift; sourceTree = "<group>"; };
		9C91B9142BA00BFF000B2F5C /* ContentView.swift */ = {isa = PBXFileReference; lastKnownFileType = sourcecode.swift; path = ContentView.swift; sourceTree = "<group>"; };
		9C91B9162BA00C02000B2F5C /* Assets.xcassets */ = {isa = PBXFileReference; lastKnownFileType = folder.assetcatalog; path = Assets.xcassets; sourceTree = "<group>"; };
		9C91B9192BA00C02000B2F5C /* Preview Assets.xcassets */ = {isa = PBXFileReference; lastKnownFileType = folder.assetcatalog; path = "Preview Assets.xcassets"; sourceTree = "<group>"; };
		9C91B91F2BA00C02000B2F5C /* LandmarksTests.xctest */ = {isa = PBXFileReference; explicitFileType = wrapper.cfbundle; includeInIndex = 0; path = LandmarksTests.xctest; sourceTree = BUILT_PRODUCTS_DIR; };
		9C91B9232BA00C02000B2F5C /* LandmarksTests.swift */ = {isa = PBXFileReference; lastKnownFileType = sourcecode.swift; path = LandmarksTests.swift; sourceTree = "<group>"; };
		9C91B9292BA00C02000B2F5C /* LandmarksUITests.xctest */ = {isa = PBXFileReference; explicitFileType = wrapper.cfbundle; includeInIndex = 0; path = LandmarksUITests.xctest; sourceTree = BUILT_PRODUCTS_DIR; };
		9C91B92D2BA00C02000B2F5C /* LandmarksUITests.swift */ = {isa = PBXFileReference; lastKnownFileType = sourcecode.swift; path = LandmarksUITests.swift; sourceTree = "<group>"; };
		9C91B92F2BA00C02000B2F5C /* LandmarksUITestsLaunchTests.swift */ = {isa = PBXFileReference; lastKnownFileType = sourcecode.swift; path = LandmarksUITestsLaunchTests.swift; sourceTree = "<group>"; };
		9C91B93C2BA010E8000B2F5C /* CircleImage.swift */ = {isa = PBXFileReference; lastKnownFileType = sourcecode.swift; path = CircleImage.swift; sourceTree = "<group>"; };
		9C91B93E2BA0156F000B2F5C /* MapView.swift */ = {isa = PBXFileReference; lastKnownFileType = sourcecode.swift; path = MapView.swift; sourceTree = "<group>"; };
		9C91B9492BA01A45000B2F5C /* Landmark.swift */ = {isa = PBXFileReference; lastKnownFileType = sourcecode.swift; path = Landmark.swift; sourceTree = "<group>"; };
		9C91B94B2BA01D02000B2F5C /* ModelData.swift */ = {isa = PBXFileReference; lastKnownFileType = sourcecode.swift; path = ModelData.swift; sourceTree = "<group>"; };
		9C91B94F2BA01F01000B2F5C /* LandmarkRow.swift */ = {isa = PBXFileReference; lastKnownFileType = sourcecode.swift; path = LandmarkRow.swift; sourceTree = "<group>"; };
		9C91B9512BA0222F000B2F5C /* landmarkData.json */ = {isa = PBXFileReference; fileEncoding = 4; lastKnownFileType = text.json; path = landmarkData.json; sourceTree = "<group>"; };
		9C91B9532BA02378000B2F5C /* LandmarkList.swift */ = {isa = PBXFileReference; lastKnownFileType = sourcecode.swift; path = LandmarkList.swift; sourceTree = "<group>"; };
		9C91B9552BA0253B000B2F5C /* LandmarkDetail.swift */ = {isa = PBXFileReference; lastKnownFileType = sourcecode.swift; path = LandmarkDetail.swift; sourceTree = "<group>"; };
		9C9C706F2BA1B6C300F88975 /* FavoriteButton.swift */ = {isa = PBXFileReference; lastKnownFileType = sourcecode.swift; path = FavoriteButton.swift; sourceTree = "<group>"; };
		9CD8611C2BA7FAE400F5C9D8 /* Profile.swift */ = {isa = PBXFileReference; lastKnownFileType = sourcecode.swift; path = Profile.swift; sourceTree = "<group>"; };
		9CD8611F2BA7FC1A00F5C9D8 /* ProfileHost.swift */ = {isa = PBXFileReference; lastKnownFileType = sourcecode.swift; path = ProfileHost.swift; sourceTree = "<group>"; };
		9CD861212BA7FC7500F5C9D8 /* ProfileSummary.swift */ = {isa = PBXFileReference; lastKnownFileType = sourcecode.swift; path = ProfileSummary.swift; sourceTree = "<group>"; };
		9CD861232BA7FDC400F5C9D8 /* HikeBadge.swift */ = {isa = PBXFileReference; lastKnownFileType = sourcecode.swift; path = HikeBadge.swift; sourceTree = "<group>"; };
		9CD861252BA804C800F5C9D8 /* ProfileEditor.swift */ = {isa = PBXFileReference; lastKnownFileType = sourcecode.swift; path = ProfileEditor.swift; sourceTree = "<group>"; };
		9CD9EB0B2BA2B58500EBE0DC /* HexagonParameters.swift */ = {isa = PBXFileReference; lastKnownFileType = sourcecode.swift; path = HexagonParameters.swift; sourceTree = "<group>"; };
		9CD9EB0D2BA2B6F200EBE0DC /* BadgeBackground.swift */ = {isa = PBXFileReference; lastKnownFileType = sourcecode.swift; path = BadgeBackground.swift; sourceTree = "<group>"; };
		9CD9EB0F2BA2BF4100EBE0DC /* BadgeSymbol.swift */ = {isa = PBXFileReference; lastKnownFileType = sourcecode.swift; path = BadgeSymbol.swift; sourceTree = "<group>"; };
		9CD9EB112BA2C24300EBE0DC /* RotatedBadgeSymbol.swift */ = {isa = PBXFileReference; lastKnownFileType = sourcecode.swift; path = RotatedBadgeSymbol.swift; sourceTree = "<group>"; };
		9CD9EB132BA2C28900EBE0DC /* Badge.swift */ = {isa = PBXFileReference; lastKnownFileType = sourcecode.swift; path = Badge.swift; sourceTree = "<group>"; };
		9CD9EB162BA2C86600EBE0DC /* hikeData.json */ = {isa = PBXFileReference; fileEncoding = 4; lastKnownFileType = text.json; path = hikeData.json; sourceTree = "<group>"; };
		9CD9EB182BA2C89F00EBE0DC /* Hike.swift */ = {isa = PBXFileReference; lastKnownFileType = sourcecode.swift; path = Hike.swift; sourceTree = "<group>"; };
		9CD9EB1B2BA2C90C00EBE0DC /* GraphCapsule.swift */ = {isa = PBXFileReference; fileEncoding = 4; lastKnownFileType = sourcecode.swift; path = GraphCapsule.swift; sourceTree = "<group>"; };
		9CD9EB1C2BA2C90C00EBE0DC /* HikeGraph.swift */ = {isa = PBXFileReference; fileEncoding = 4; lastKnownFileType = sourcecode.swift; path = HikeGraph.swift; sourceTree = "<group>"; };
		9CD9EB1D2BA2C90C00EBE0DC /* HikeDetail.swift */ = {isa = PBXFileReference; fileEncoding = 4; lastKnownFileType = sourcecode.swift; path = HikeDetail.swift; sourceTree = "<group>"; };
		9CD9EB1E2BA2C90C00EBE0DC /* HikeView.swift */ = {isa = PBXFileReference; fileEncoding = 4; lastKnownFileType = sourcecode.swift; path = HikeView.swift; sourceTree = "<group>"; };
		9CE6F98D2BA44B8E0022E618 /* CategoryHome.swift */ = {isa = PBXFileReference; lastKnownFileType = sourcecode.swift; path = CategoryHome.swift; sourceTree = "<group>"; };
		9CE6F98F2BA44DC90022E618 /* CategoryRow.swift */ = {isa = PBXFileReference; lastKnownFileType = sourcecode.swift; path = CategoryRow.swift; sourceTree = "<group>"; };
		9CE6F9912BA44FA00022E618 /* CategoryItem.swift */ = {isa = PBXFileReference; lastKnownFileType = sourcecode.swift; path = CategoryItem.swift; sourceTree = "<group>"; };
/* End PBXFileReference section */

/* Begin PBXFrameworksBuildPhase section */
		9C91B90C2BA00BFF000B2F5C /* Frameworks */ = {
			isa = PBXFrameworksBuildPhase;
			buildActionMask = 2147483647;
			files = (
			);
			runOnlyForDeploymentPostprocessing = 0;
		};
		9C91B91C2BA00C02000B2F5C /* Frameworks */ = {
			isa = PBXFrameworksBuildPhase;
			buildActionMask = 2147483647;
			files = (
			);
			runOnlyForDeploymentPostprocessing = 0;
		};
		9C91B9262BA00C02000B2F5C /* Frameworks */ = {
			isa = PBXFrameworksBuildPhase;
			buildActionMask = 2147483647;
			files = (
			);
			runOnlyForDeploymentPostprocessing = 0;
		};
/* End PBXFrameworksBuildPhase section */

/* Begin PBXGroup section */
		9C04A2832BA94DE60070433E /* PageView */ = {
			isa = PBXGroup;
			children = (
				9C04A2882BA957D80070433E /* PageView.swift */,
				9C04A2842BA94E010070433E /* PageViewController.swift */,
				9C04A2862BA953290070433E /* FeatureCard.swift */,
				9C04A28A2BA960170070433E /* PageControl.swift */,
			);
			path = PageView;
			sourceTree = "<group>";
		};
		9C91B9062BA00BFF000B2F5C = {
			isa = PBXGroup;
			children = (
				9C91B9112BA00BFF000B2F5C /* Landmarks */,
				9C91B9222BA00C02000B2F5C /* LandmarksTests */,
				9C91B92C2BA00C02000B2F5C /* LandmarksUITests */,
				9C91B9102BA00BFF000B2F5C /* Products */,
			);
			sourceTree = "<group>";
		};
		9C91B9102BA00BFF000B2F5C /* Products */ = {
			isa = PBXGroup;
			children = (
				9C91B90F2BA00BFF000B2F5C /* Landmarks.app */,
				9C91B91F2BA00C02000B2F5C /* LandmarksTests.xctest */,
				9C91B9292BA00C02000B2F5C /* LandmarksUITests.xctest */,
			);
			name = Products;
			sourceTree = "<group>";
		};
		9C91B9112BA00BFF000B2F5C /* Landmarks */ = {
			isa = PBXGroup;
			children = (
				9C91B9122BA00BFF000B2F5C /* LandmarksApp.swift */,
				9C91B94E2BA01E91000B2F5C /* Views */,
				9C91B9482BA01A3D000B2F5C /* Model */,
				9C91B9402BA019C0000B2F5C /* Resources */,
				9C91B9162BA00C02000B2F5C /* Assets.xcassets */,
				9C91B9182BA00C02000B2F5C /* Preview Content */,
			);
			path = Landmarks;
			sourceTree = "<group>";
		};
		9C91B9182BA00C02000B2F5C /* Preview Content */ = {
			isa = PBXGroup;
			children = (
				9C91B9192BA00C02000B2F5C /* Preview Assets.xcassets */,
			);
			path = "Preview Content";
			sourceTree = "<group>";
		};
		9C91B9222BA00C02000B2F5C /* LandmarksTests */ = {
			isa = PBXGroup;
			children = (
				9C91B9232BA00C02000B2F5C /* LandmarksTests.swift */,
			);
			path = LandmarksTests;
			sourceTree = "<group>";
		};
		9C91B92C2BA00C02000B2F5C /* LandmarksUITests */ = {
			isa = PBXGroup;
			children = (
				9C91B92D2BA00C02000B2F5C /* LandmarksUITests.swift */,
				9C91B92F2BA00C02000B2F5C /* LandmarksUITestsLaunchTests.swift */,
			);
			path = LandmarksUITests;
			sourceTree = "<group>";
		};
		9C91B9402BA019C0000B2F5C /* Resources */ = {
			isa = PBXGroup;
			children = (
				9C91B9512BA0222F000B2F5C /* landmarkData.json */,
				9CD9EB162BA2C86600EBE0DC /* hikeData.json */,
			);
			path = Resources;
			sourceTree = "<group>";
		};
		9C91B9482BA01A3D000B2F5C /* Model */ = {
			isa = PBXGroup;
			children = (
				9C91B9492BA01A45000B2F5C /* Landmark.swift */,
				9C91B94B2BA01D02000B2F5C /* ModelData.swift */,
				9CD9EB182BA2C89F00EBE0DC /* Hike.swift */,
				9CD8611C2BA7FAE400F5C9D8 /* Profile.swift */,
			);
			path = Model;
			sourceTree = "<group>";
		};
		9C91B94E2BA01E91000B2F5C /* Views */ = {
			isa = PBXGroup;
			children = (
				9C04A2832BA94DE60070433E /* PageView */,
				9C91B9142BA00BFF000B2F5C /* ContentView.swift */,
				9CD8611E2BA7FC0700F5C9D8 /* Profiles */,
				9C9C706D2BA1AD2900F88975 /* Landmarks */,
				9C9C706E2BA1AD3400F88975 /* Helper */,
				9CD9EB1A2BA2C90C00EBE0DC /* Hikes */,
				9CE6F98C2BA44B770022E618 /* Categories */,
				9CD9EB152BA2C3BE00EBE0DC /* Badge */,
			);
			path = Views;
			sourceTree = "<group>";
		};
		9C9C706D2BA1AD2900F88975 /* Landmarks */ = {
			isa = PBXGroup;
			children = (
				9C91B93E2BA0156F000B2F5C /* MapView.swift */,
				9C91B9532BA02378000B2F5C /* LandmarkList.swift */,
			);
			path = Landmarks;
			sourceTree = "<group>";
		};
		9C9C706E2BA1AD3400F88975 /* Helper */ = {
			isa = PBXGroup;
			children = (
				9C91B94F2BA01F01000B2F5C /* LandmarkRow.swift */,
				9C91B9552BA0253B000B2F5C /* LandmarkDetail.swift */,
				9C91B93C2BA010E8000B2F5C /* CircleImage.swift */,
				9C9C706F2BA1B6C300F88975 /* FavoriteButton.swift */,
			);
			path = Helper;
			sourceTree = "<group>";
		};
		9CD8611E2BA7FC0700F5C9D8 /* Profiles */ = {
			isa = PBXGroup;
			children = (
				9CD8611F2BA7FC1A00F5C9D8 /* ProfileHost.swift */,
				9CD861212BA7FC7500F5C9D8 /* ProfileSummary.swift */,
				9CD861252BA804C800F5C9D8 /* ProfileEditor.swift */,
			);
			path = Profiles;
			sourceTree = "<group>";
		};
		9CD9EB152BA2C3BE00EBE0DC /* Badge */ = {
			isa = PBXGroup;
			children = (
				9CD9EB0B2BA2B58500EBE0DC /* HexagonParameters.swift */,
				9CD9EB0D2BA2B6F200EBE0DC /* BadgeBackground.swift */,
				9CD9EB0F2BA2BF4100EBE0DC /* BadgeSymbol.swift */,
				9CD9EB112BA2C24300EBE0DC /* RotatedBadgeSymbol.swift */,
				9CD9EB132BA2C28900EBE0DC /* Badge.swift */,
			);
			path = Badge;
			sourceTree = "<group>";
		};
		9CD9EB1A2BA2C90C00EBE0DC /* Hikes */ = {
			isa = PBXGroup;
			children = (
				9CD9EB1B2BA2C90C00EBE0DC /* GraphCapsule.swift */,
				9CD9EB1C2BA2C90C00EBE0DC /* HikeGraph.swift */,
				9CD9EB1D2BA2C90C00EBE0DC /* HikeDetail.swift */,
				9CD9EB1E2BA2C90C00EBE0DC /* HikeView.swift */,
				9CD861232BA7FDC400F5C9D8 /* HikeBadge.swift */,
			);
			path = Hikes;
			sourceTree = "<group>";
		};
		9CE6F98C2BA44B770022E618 /* Categories */ = {
			isa = PBXGroup;
			children = (
				9CE6F98D2BA44B8E0022E618 /* CategoryHome.swift */,
				9CE6F98F2BA44DC90022E618 /* CategoryRow.swift */,
				9CE6F9912BA44FA00022E618 /* CategoryItem.swift */,
			);
			path = Categories;
			sourceTree = "<group>";
		};
/* End PBXGroup section */

/* Begin PBXNativeTarget section */
		9C91B90E2BA00BFF000B2F5C /* Landmarks */ = {
			isa = PBXNativeTarget;
			buildConfigurationList = 9C91B9332BA00C02000B2F5C /* Build configuration list for PBXNativeTarget "Landmarks" */;
			buildPhases = (
				9C91B90B2BA00BFF000B2F5C /* Sources */,
				9C91B90C2BA00BFF000B2F5C /* Frameworks */,
				9C91B90D2BA00BFF000B2F5C /* Resources */,
			);
			buildRules = (
			);
			dependencies = (
			);
			name = Landmarks;
			productName = Landmarks;
			productReference = 9C91B90F2BA00BFF000B2F5C /* Landmarks.app */;
			productType = "com.apple.product-type.application";
		};
		9C91B91E2BA00C02000B2F5C /* LandmarksTests */ = {
			isa = PBXNativeTarget;
			buildConfigurationList = 9C91B9362BA00C02000B2F5C /* Build configuration list for PBXNativeTarget "LandmarksTests" */;
			buildPhases = (
				9C91B91B2BA00C02000B2F5C /* Sources */,
				9C91B91C2BA00C02000B2F5C /* Frameworks */,
				9C91B91D2BA00C02000B2F5C /* Resources */,
			);
			buildRules = (
			);
			dependencies = (
				9C91B9212BA00C02000B2F5C /* PBXTargetDependency */,
			);
			name = LandmarksTests;
			productName = LandmarksTests;
			productReference = 9C91B91F2BA00C02000B2F5C /* LandmarksTests.xctest */;
			productType = "com.apple.product-type.bundle.unit-test";
		};
		9C91B9282BA00C02000B2F5C /* LandmarksUITests */ = {
			isa = PBXNativeTarget;
			buildConfigurationList = 9C91B9392BA00C02000B2F5C /* Build configuration list for PBXNativeTarget "LandmarksUITests" */;
			buildPhases = (
				9C91B9252BA00C02000B2F5C /* Sources */,
				9C91B9262BA00C02000B2F5C /* Frameworks */,
				9C91B9272BA00C02000B2F5C /* Resources */,
			);
			buildRules = (
			);
			dependencies = (
				9C91B92B2BA00C02000B2F5C /* PBXTargetDependency */,
			);
			name = LandmarksUITests;
			productName = LandmarksUITests;
			productReference = 9C91B9292BA00C02000B2F5C /* LandmarksUITests.xctest */;
			productType = "com.apple.product-type.bundle.ui-testing";
		};
/* End PBXNativeTarget section */

/* Begin PBXProject section */
		9C91B9072BA00BFF000B2F5C /* Project object */ = {
			isa = PBXProject;
			attributes = {
				BuildIndependentTargetsInParallel = 1;
				LastSwiftUpdateCheck = 1520;
				LastUpgradeCheck = 1520;
				TargetAttributes = {
					9C91B90E2BA00BFF000B2F5C = {
						CreatedOnToolsVersion = 15.2;
					};
					9C91B91E2BA00C02000B2F5C = {
						CreatedOnToolsVersion = 15.2;
						TestTargetID = 9C91B90E2BA00BFF000B2F5C;
					};
					9C91B9282BA00C02000B2F5C = {
						CreatedOnToolsVersion = 15.2;
						TestTargetID = 9C91B90E2BA00BFF000B2F5C;
					};
				};
			};
			buildConfigurationList = 9C91B90A2BA00BFF000B2F5C /* Build configuration list for PBXProject "Landmarks" */;
			compatibilityVersion = "Xcode 14.0";
			developmentRegion = en;
			hasScannedForEncodings = 0;
			knownRegions = (
				en,
				Base,
			);
			mainGroup = 9C91B9062BA00BFF000B2F5C;
			productRefGroup = 9C91B9102BA00BFF000B2F5C /* Products */;
			projectDirPath = "";
			projectRoot = "";
			targets = (
				9C91B90E2BA00BFF000B2F5C /* Landmarks */,
				9C91B91E2BA00C02000B2F5C /* LandmarksTests */,
				9C91B9282BA00C02000B2F5C /* LandmarksUITests */,
			);
		};
/* End PBXProject section */

/* Begin PBXResourcesBuildPhase section */
		9C91B90D2BA00BFF000B2F5C /* Resources */ = {
			isa = PBXResourcesBuildPhase;
			buildActionMask = 2147483647;
			files = (
				9CD9EB172BA2C86600EBE0DC /* hikeData.json in Resources */,
				9C91B91A2BA00C02000B2F5C /* Preview Assets.xcassets in Resources */,
				9C91B9172BA00C02000B2F5C /* Assets.xcassets in Resources */,
				9C91B9522BA0222F000B2F5C /* landmarkData.json in Resources */,
			);
			runOnlyForDeploymentPostprocessing = 0;
		};
		9C91B91D2BA00C02000B2F5C /* Resources */ = {
			isa = PBXResourcesBuildPhase;
			buildActionMask = 2147483647;
			files = (
			);
			runOnlyForDeploymentPostprocessing = 0;
		};
		9C91B9272BA00C02000B2F5C /* Resources */ = {
			isa = PBXResourcesBuildPhase;
			buildActionMask = 2147483647;
			files = (
			);
			runOnlyForDeploymentPostprocessing = 0;
		};
/* End PBXResourcesBuildPhase section */

/* Begin PBXSourcesBuildPhase section */
		9C91B90B2BA00BFF000B2F5C /* Sources */ = {
			isa = PBXSourcesBuildPhase;
			buildActionMask = 2147483647;
			files = (
				9CE6F9902BA44DC90022E618 /* CategoryRow.swift in Sources */,
				9CD8611D2BA7FAE500F5C9D8 /* Profile.swift in Sources */,
				9C91B9152BA00BFF000B2F5C /* ContentView.swift in Sources */,
				9CE6F98E2BA44B8E0022E618 /* CategoryHome.swift in Sources */,
				9C04A2872BA953290070433E /* FeatureCard.swift in Sources */,
				9CD9EB202BA2C90C00EBE0DC /* HikeGraph.swift in Sources */,
				9CD9EB142BA2C28900EBE0DC /* Badge.swift in Sources */,
				9C91B9502BA01F01000B2F5C /* LandmarkRow.swift in Sources */,
				9CD9EB1F2BA2C90C00EBE0DC /* GraphCapsule.swift in Sources */,
				9C91B94A2BA01A45000B2F5C /* Landmark.swift in Sources */,
				9C04A28B2BA960170070433E /* PageControl.swift in Sources */,
				9C9C70702BA1B6C300F88975 /* FavoriteButton.swift in Sources */,
				9CE6F9922BA44FA00022E618 /* CategoryItem.swift in Sources */,
				9CD9EB212BA2C90C00EBE0DC /* HikeDetail.swift in Sources */,
				9CD861222BA7FC7500F5C9D8 /* ProfileSummary.swift in Sources */,
				9CD9EB0C2BA2B58500EBE0DC /* HexagonParameters.swift in Sources */,
				9CD861202BA7FC1A00F5C9D8 /* ProfileHost.swift in Sources */,
				9CD9EB192BA2C89F00EBE0DC /* Hike.swift in Sources */,
				9CD9EB122BA2C24300EBE0DC /* RotatedBadgeSymbol.swift in Sources */,
				9C04A2892BA957D80070433E /* PageView.swift in Sources */,
				9CD9EB102BA2BF4100EBE0DC /* BadgeSymbol.swift in Sources */,
				9CD861262BA804C800F5C9D8 /* ProfileEditor.swift in Sources */,
				9C91B9542BA02378000B2F5C /* LandmarkList.swift in Sources */,
				9CD9EB222BA2C90C00EBE0DC /* HikeView.swift in Sources */,
				9C91B9562BA0253B000B2F5C /* LandmarkDetail.swift in Sources */,
				9C04A2852BA94E010070433E /* PageViewController.swift in Sources */,
				9CD9EB0E2BA2B6F200EBE0DC /* BadgeBackground.swift in Sources */,
				9CD861242BA7FDC400F5C9D8 /* HikeBadge.swift in Sources */,
				9C91B93F2BA0156F000B2F5C /* MapView.swift in Sources */,
				9C91B9132BA00BFF000B2F5C /* LandmarksApp.swift in Sources */,
				9C91B93D2BA010E8000B2F5C /* CircleImage.swift in Sources */,
				9C91B94C2BA01D02000B2F5C /* ModelData.swift in Sources */,
			);
			runOnlyForDeploymentPostprocessing = 0;
		};
		9C91B91B2BA00C02000B2F5C /* Sources */ = {
			isa = PBXSourcesBuildPhase;
			buildActionMask = 2147483647;
			files = (
				9C91B9242BA00C02000B2F5C /* LandmarksTests.swift in Sources */,
			);
			runOnlyForDeploymentPostprocessing = 0;
		};
		9C91B9252BA00C02000B2F5C /* Sources */ = {
			isa = PBXSourcesBuildPhase;
			buildActionMask = 2147483647;
			files = (
				9C91B9302BA00C02000B2F5C /* LandmarksUITestsLaunchTests.swift in Sources */,
				9C91B92E2BA00C02000B2F5C /* LandmarksUITests.swift in Sources */,
			);
			runOnlyForDeploymentPostprocessing = 0;
		};
/* End PBXSourcesBuildPhase section */

/* Begin PBXTargetDependency section */
		9C91B9212BA00C02000B2F5C /* PBXTargetDependency */ = {
			isa = PBXTargetDependency;
			target = 9C91B90E2BA00BFF000B2F5C /* Landmarks */;
			targetProxy = 9C91B9202BA00C02000B2F5C /* PBXContainerItemProxy */;
		};
		9C91B92B2BA00C02000B2F5C /* PBXTargetDependency */ = {
			isa = PBXTargetDependency;
			target = 9C91B90E2BA00BFF000B2F5C /* Landmarks */;
			targetProxy = 9C91B92A2BA00C02000B2F5C /* PBXContainerItemProxy */;
		};
/* End PBXTargetDependency section */

/* Begin XCBuildConfiguration section */
		9C91B9312BA00C02000B2F5C /* Debug */ = {
			isa = XCBuildConfiguration;
			buildSettings = {
				ALWAYS_SEARCH_USER_PATHS = NO;
				ASSETCATALOG_COMPILER_GENERATE_SWIFT_ASSET_SYMBOL_EXTENSIONS = YES;
				CLANG_ANALYZER_NONNULL = YES;
				CLANG_ANALYZER_NUMBER_OBJECT_CONVERSION = YES_AGGRESSIVE;
				CLANG_CXX_LANGUAGE_STANDARD = "gnu++20";
				CLANG_ENABLE_MODULES = YES;
				CLANG_ENABLE_OBJC_ARC = YES;
				CLANG_ENABLE_OBJC_WEAK = YES;
				CLANG_WARN_BLOCK_CAPTURE_AUTORELEASING = YES;
				CLANG_WARN_BOOL_CONVERSION = YES;
				CLANG_WARN_COMMA = YES;
				CLANG_WARN_CONSTANT_CONVERSION = YES;
				CLANG_WARN_DEPRECATED_OBJC_IMPLEMENTATIONS = YES;
				CLANG_WARN_DIRECT_OBJC_ISA_USAGE = YES_ERROR;
				CLANG_WARN_DOCUMENTATION_COMMENTS = YES;
				CLANG_WARN_EMPTY_BODY = YES;
				CLANG_WARN_ENUM_CONVERSION = YES;
				CLANG_WARN_INFINITE_RECURSION = YES;
				CLANG_WARN_INT_CONVERSION = YES;
				CLANG_WARN_NON_LITERAL_NULL_CONVERSION = YES;
				CLANG_WARN_OBJC_IMPLICIT_RETAIN_SELF = YES;
				CLANG_WARN_OBJC_LITERAL_CONVERSION = YES;
				CLANG_WARN_OBJC_ROOT_CLASS = YES_ERROR;
				CLANG_WARN_QUOTED_INCLUDE_IN_FRAMEWORK_HEADER = YES;
				CLANG_WARN_RANGE_LOOP_ANALYSIS = YES;
				CLANG_WARN_STRICT_PROTOTYPES = YES;
				CLANG_WARN_SUSPICIOUS_MOVE = YES;
				CLANG_WARN_UNGUARDED_AVAILABILITY = YES_AGGRESSIVE;
				CLANG_WARN_UNREACHABLE_CODE = YES;
				CLANG_WARN__DUPLICATE_METHOD_MATCH = YES;
				COPY_PHASE_STRIP = NO;
				DEBUG_INFORMATION_FORMAT = dwarf;
				ENABLE_STRICT_OBJC_MSGSEND = YES;
				ENABLE_TESTABILITY = YES;
				ENABLE_USER_SCRIPT_SANDBOXING = YES;
				GCC_C_LANGUAGE_STANDARD = gnu17;
				GCC_DYNAMIC_NO_PIC = NO;
				GCC_NO_COMMON_BLOCKS = YES;
				GCC_OPTIMIZATION_LEVEL = 0;
				GCC_PREPROCESSOR_DEFINITIONS = (
					"DEBUG=1",
					"$(inherited)",
				);
				GCC_WARN_64_TO_32_BIT_CONVERSION = YES;
				GCC_WARN_ABOUT_RETURN_TYPE = YES_ERROR;
				GCC_WARN_UNDECLARED_SELECTOR = YES;
				GCC_WARN_UNINITIALIZED_AUTOS = YES_AGGRESSIVE;
				GCC_WARN_UNUSED_FUNCTION = YES;
				GCC_WARN_UNUSED_VARIABLE = YES;
				IPHONEOS_DEPLOYMENT_TARGET = 17.2;
				LOCALIZATION_PREFERS_STRING_CATALOGS = YES;
				MTL_ENABLE_DEBUG_INFO = INCLUDE_SOURCE;
				MTL_FAST_MATH = YES;
				ONLY_ACTIVE_ARCH = YES;
				SDKROOT = iphoneos;
				SWIFT_ACTIVE_COMPILATION_CONDITIONS = "DEBUG $(inherited)";
				SWIFT_OPTIMIZATION_LEVEL = "-Onone";
			};
			name = Debug;
		};
		9C91B9322BA00C02000B2F5C /* Release */ = {
			isa = XCBuildConfiguration;
			buildSettings = {
				ALWAYS_SEARCH_USER_PATHS = NO;
				ASSETCATALOG_COMPILER_GENERATE_SWIFT_ASSET_SYMBOL_EXTENSIONS = YES;
				CLANG_ANALYZER_NONNULL = YES;
				CLANG_ANALYZER_NUMBER_OBJECT_CONVERSION = YES_AGGRESSIVE;
				CLANG_CXX_LANGUAGE_STANDARD = "gnu++20";
				CLANG_ENABLE_MODULES = YES;
				CLANG_ENABLE_OBJC_ARC = YES;
				CLANG_ENABLE_OBJC_WEAK = YES;
				CLANG_WARN_BLOCK_CAPTURE_AUTORELEASING = YES;
				CLANG_WARN_BOOL_CONVERSION = YES;
				CLANG_WARN_COMMA = YES;
				CLANG_WARN_CONSTANT_CONVERSION = YES;
				CLANG_WARN_DEPRECATED_OBJC_IMPLEMENTATIONS = YES;
				CLANG_WARN_DIRECT_OBJC_ISA_USAGE = YES_ERROR;
				CLANG_WARN_DOCUMENTATION_COMMENTS = YES;
				CLANG_WARN_EMPTY_BODY = YES;
				CLANG_WARN_ENUM_CONVERSION = YES;
				CLANG_WARN_INFINITE_RECURSION = YES;
				CLANG_WARN_INT_CONVERSION = YES;
				CLANG_WARN_NON_LITERAL_NULL_CONVERSION = YES;
				CLANG_WARN_OBJC_IMPLICIT_RETAIN_SELF = YES;
				CLANG_WARN_OBJC_LITERAL_CONVERSION = YES;
				CLANG_WARN_OBJC_ROOT_CLASS = YES_ERROR;
				CLANG_WARN_QUOTED_INCLUDE_IN_FRAMEWORK_HEADER = YES;
				CLANG_WARN_RANGE_LOOP_ANALYSIS = YES;
				CLANG_WARN_STRICT_PROTOTYPES = YES;
				CLANG_WARN_SUSPICIOUS_MOVE = YES;
				CLANG_WARN_UNGUARDED_AVAILABILITY = YES_AGGRESSIVE;
				CLANG_WARN_UNREACHABLE_CODE = YES;
				CLANG_WARN__DUPLICATE_METHOD_MATCH = YES;
				COPY_PHASE_STRIP = NO;
				DEBUG_INFORMATION_FORMAT = "dwarf-with-dsym";
				ENABLE_NS_ASSERTIONS = NO;
				ENABLE_STRICT_OBJC_MSGSEND = YES;
				ENABLE_USER_SCRIPT_SANDBOXING = YES;
				GCC_C_LANGUAGE_STANDARD = gnu17;
				GCC_NO_COMMON_BLOCKS = YES;
				GCC_WARN_64_TO_32_BIT_CONVERSION = YES;
				GCC_WARN_ABOUT_RETURN_TYPE = YES_ERROR;
				GCC_WARN_UNDECLARED_SELECTOR = YES;
				GCC_WARN_UNINITIALIZED_AUTOS = YES_AGGRESSIVE;
				GCC_WARN_UNUSED_FUNCTION = YES;
				GCC_WARN_UNUSED_VARIABLE = YES;
				IPHONEOS_DEPLOYMENT_TARGET = 17.2;
				LOCALIZATION_PREFERS_STRING_CATALOGS = YES;
				MTL_ENABLE_DEBUG_INFO = NO;
				MTL_FAST_MATH = YES;
				SDKROOT = iphoneos;
				SWIFT_COMPILATION_MODE = wholemodule;
				VALIDATE_PRODUCT = YES;
			};
			name = Release;
		};
		9C91B9342BA00C02000B2F5C /* Debug */ = {
			isa = XCBuildConfiguration;
			buildSettings = {
				ASSETCATALOG_COMPILER_APPICON_NAME = AppIcon;
				ASSETCATALOG_COMPILER_GLOBAL_ACCENT_COLOR_NAME = AccentColor;
				CODE_SIGN_STYLE = Automatic;
				CURRENT_PROJECT_VERSION = 1;
				DEVELOPMENT_ASSET_PATHS = "\"Landmarks/Preview Content\"";
				DEVELOPMENT_TEAM = 3W7UGRJV2F;
				ENABLE_PREVIEWS = YES;
				GENERATE_INFOPLIST_FILE = YES;
				INFOPLIST_KEY_UIApplicationSceneManifest_Generation = YES;
				INFOPLIST_KEY_UIApplicationSupportsIndirectInputEvents = YES;
				INFOPLIST_KEY_UILaunchScreen_Generation = YES;
				INFOPLIST_KEY_UISupportedInterfaceOrientations_iPad = "UIInterfaceOrientationPortrait UIInterfaceOrientationPortraitUpsideDown UIInterfaceOrientationLandscapeLeft UIInterfaceOrientationLandscapeRight";
				INFOPLIST_KEY_UISupportedInterfaceOrientations_iPhone = "UIInterfaceOrientationPortrait UIInterfaceOrientationLandscapeLeft UIInterfaceOrientationLandscapeRight";
				LD_RUNPATH_SEARCH_PATHS = (
					"$(inherited)",
					"@executable_path/Frameworks",
				);
				MARKETING_VERSION = 1.0;
				PRODUCT_BUNDLE_IDENTIFIER = ssss.Landmarks;
				PRODUCT_NAME = "$(TARGET_NAME)";
				SWIFT_EMIT_LOC_STRINGS = YES;
				SWIFT_VERSION = 5.0;
				TARGETED_DEVICE_FAMILY = "1,2";
			};
			name = Debug;
		};
		9C91B9352BA00C02000B2F5C /* Release */ = {
			isa = XCBuildConfiguration;
			buildSettings = {
				ASSETCATALOG_COMPILER_APPICON_NAME = AppIcon;
				ASSETCATALOG_COMPILER_GLOBAL_ACCENT_COLOR_NAME = AccentColor;
				CODE_SIGN_STYLE = Automatic;
				CURRENT_PROJECT_VERSION = 1;
				DEVELOPMENT_ASSET_PATHS = "\"Landmarks/Preview Content\"";
				DEVELOPMENT_TEAM = 3W7UGRJV2F;
				ENABLE_PREVIEWS = YES;
				GENERATE_INFOPLIST_FILE = YES;
				INFOPLIST_KEY_UIApplicationSceneManifest_Generation = YES;
				INFOPLIST_KEY_UIApplicationSupportsIndirectInputEvents = YES;
				INFOPLIST_KEY_UILaunchScreen_Generation = YES;
				INFOPLIST_KEY_UISupportedInterfaceOrientations_iPad = "UIInterfaceOrientationPortrait UIInterfaceOrientationPortraitUpsideDown UIInterfaceOrientationLandscapeLeft UIInterfaceOrientationLandscapeRight";
				INFOPLIST_KEY_UISupportedInterfaceOrientations_iPhone = "UIInterfaceOrientationPortrait UIInterfaceOrientationLandscapeLeft UIInterfaceOrientationLandscapeRight";
				LD_RUNPATH_SEARCH_PATHS = (
					"$(inherited)",
					"@executable_path/Frameworks",
				);
				MARKETING_VERSION = 1.0;
				PRODUCT_BUNDLE_IDENTIFIER = ssss.Landmarks;
				PRODUCT_NAME = "$(TARGET_NAME)";
				SWIFT_EMIT_LOC_STRINGS = YES;
				SWIFT_VERSION = 5.0;
				TARGETED_DEVICE_FAMILY = "1,2";
			};
			name = Release;
		};
		9C91B9372BA00C02000B2F5C /* Debug */ = {
			isa = XCBuildConfiguration;
			buildSettings = {
				ALWAYS_EMBED_SWIFT_STANDARD_LIBRARIES = YES;
				BUNDLE_LOADER = "$(TEST_HOST)";
				CODE_SIGN_STYLE = Automatic;
				CURRENT_PROJECT_VERSION = 1;
				DEVELOPMENT_TEAM = 3W7UGRJV2F;
				GENERATE_INFOPLIST_FILE = YES;
				IPHONEOS_DEPLOYMENT_TARGET = 17.2;
				MARKETING_VERSION = 1.0;
				PRODUCT_BUNDLE_IDENTIFIER = ssss.LandmarksTests;
				PRODUCT_NAME = "$(TARGET_NAME)";
				SWIFT_EMIT_LOC_STRINGS = NO;
				SWIFT_VERSION = 5.0;
				TARGETED_DEVICE_FAMILY = "1,2";
				TEST_HOST = "$(BUILT_PRODUCTS_DIR)/Landmarks.app/$(BUNDLE_EXECUTABLE_FOLDER_PATH)/Landmarks";
			};
			name = Debug;
		};
		9C91B9382BA00C02000B2F5C /* Release */ = {
			isa = XCBuildConfiguration;
			buildSettings = {
				ALWAYS_EMBED_SWIFT_STANDARD_LIBRARIES = YES;
				BUNDLE_LOADER = "$(TEST_HOST)";
				CODE_SIGN_STYLE = Automatic;
				CURRENT_PROJECT_VERSION = 1;
				DEVELOPMENT_TEAM = 3W7UGRJV2F;
				GENERATE_INFOPLIST_FILE = YES;
				IPHONEOS_DEPLOYMENT_TARGET = 17.2;
				MARKETING_VERSION = 1.0;
				PRODUCT_BUNDLE_IDENTIFIER = ssss.LandmarksTests;
				PRODUCT_NAME = "$(TARGET_NAME)";
				SWIFT_EMIT_LOC_STRINGS = NO;
				SWIFT_VERSION = 5.0;
				TARGETED_DEVICE_FAMILY = "1,2";
				TEST_HOST = "$(BUILT_PRODUCTS_DIR)/Landmarks.app/$(BUNDLE_EXECUTABLE_FOLDER_PATH)/Landmarks";
			};
			name = Release;
		};
		9C91B93A2BA00C02000B2F5C /* Debug */ = {
			isa = XCBuildConfiguration;
			buildSettings = {
				ALWAYS_EMBED_SWIFT_STANDARD_LIBRARIES = YES;
				CODE_SIGN_STYLE = Automatic;
				CURRENT_PROJECT_VERSION = 1;
				DEVELOPMENT_TEAM = 3W7UGRJV2F;
				GENERATE_INFOPLIST_FILE = YES;
				MARKETING_VERSION = 1.0;
				PRODUCT_BUNDLE_IDENTIFIER = ssss.LandmarksUITests;
				PRODUCT_NAME = "$(TARGET_NAME)";
				SWIFT_EMIT_LOC_STRINGS = NO;
				SWIFT_VERSION = 5.0;
				TARGETED_DEVICE_FAMILY = "1,2";
				TEST_TARGET_NAME = Landmarks;
			};
			name = Debug;
		};
		9C91B93B2BA00C02000B2F5C /* Release */ = {
			isa = XCBuildConfiguration;
			buildSettings = {
				ALWAYS_EMBED_SWIFT_STANDARD_LIBRARIES = YES;
				CODE_SIGN_STYLE = Automatic;
				CURRENT_PROJECT_VERSION = 1;
				DEVELOPMENT_TEAM = 3W7UGRJV2F;
				GENERATE_INFOPLIST_FILE = YES;
				MARKETING_VERSION = 1.0;
				PRODUCT_BUNDLE_IDENTIFIER = ssss.LandmarksUITests;
				PRODUCT_NAME = "$(TARGET_NAME)";
				SWIFT_EMIT_LOC_STRINGS = NO;
				SWIFT_VERSION = 5.0;
				TARGETED_DEVICE_FAMILY = "1,2";
				TEST_TARGET_NAME = Landmarks;
			};
			name = Release;
		};
/* End XCBuildConfiguration section */

/* Begin XCConfigurationList section */
		9C91B90A2BA00BFF000B2F5C /* Build configuration list for PBXProject "Landmarks" */ = {
			isa = XCConfigurationList;
			buildConfigurations = (
				9C91B9312BA00C02000B2F5C /* Debug */,
				9C91B9322BA00C02000B2F5C /* Release */,
			);
			defaultConfigurationIsVisible = 0;
			defaultConfigurationName = Release;
		};
		9C91B9332BA00C02000B2F5C /* Build configuration list for PBXNativeTarget "Landmarks" */ = {
			isa = XCConfigurationList;
			buildConfigurations = (
				9C91B9342BA00C02000B2F5C /* Debug */,
				9C91B9352BA00C02000B2F5C /* Release */,
			);
			defaultConfigurationIsVisible = 0;
			defaultConfigurationName = Release;
		};
		9C91B9362BA00C02000B2F5C /* Build configuration list for PBXNativeTarget "LandmarksTests" */ = {
			isa = XCConfigurationList;
			buildConfigurations = (
				9C91B9372BA00C02000B2F5C /* Debug */,
				9C91B9382BA00C02000B2F5C /* Release */,
			);
			defaultConfigurationIsVisible = 0;
			defaultConfigurationName = Release;
		};
		9C91B9392BA00C02000B2F5C /* Build configuration list for PBXNativeTarget "LandmarksUITests" */ = {
			isa = XCConfigurationList;
			buildConfigurations = (
				9C91B93A2BA00C02000B2F5C /* Debug */,
				9C91B93B2BA00C02000B2F5C /* Release */,
			);
			defaultConfigurationIsVisible = 0;
			defaultConfigurationName = Release;
		};
/* End XCConfigurationList section */
	};
	rootObject = 9C91B9072BA00BFF000B2F5C /* Project object */;
}
